
Microsoft Visual Studio Solution File, Format Version 12.00
# Visual Studio 15
VisualStudioVersion = 15.0.28010.2046
MinimumVisualStudioVersion = 10.0.40219.1
Project("{9A19103F-16F7-4668-BE54-9A1E7A4F7556}") = "Couppon_v1.0", "Couppon_v1.0\Couppon_v1.0.csproj", "{08DE2936-A852-475B-B523-C434194908C0}"
EndProject
Project("{FAE04EC0-301F-11D3-BF4B-00C04F79EFBC}") = "Couppon_v1.0.Android", "Couppon_v1.0.Android\Couppon_v1.0.Android.csproj", "{0C249721-9CC4-467F-9DEE-D6DDF07E0C68}"
EndProject
Global
	GlobalSection(SolutionConfigurationPlatforms) = preSolution
		Debug|Any CPU = Debug|Any CPU
		Release|Any CPU = Release|Any CPU
	EndGlobalSection
	GlobalSection(ProjectConfigurationPlatforms) = postSolution
		{08DE2936-A852-475B-B523-C434194908C0}.Debug|Any CPU.ActiveCfg = Debug|Any CPU
		{08DE2936-A852-475B-B523-C434194908C0}.Debug|Any CPU.Build.0 = Debug|Any CPU
		{08DE2936-A852-475B-B523-C434194908C0}.Release|Any CPU.ActiveCfg = Release|Any CPU
		{08DE2936-A852-475B-B523-C434194908C0}.Release|Any CPU.Build.0 = Release|Any CPU
		{0C249721-9CC4-467F-9DEE-D6DDF07E0C68}.Debug|Any CPU.ActiveCfg = Debug|Any CPU
		{0C249721-9CC4-467F-9DEE-D6DDF07E0C68}.Debug|Any CPU.Build.0 = Debug|Any CPU
		{0C249721-9CC4-467F-9DEE-D6DDF07E0C68}.Debug|Any CPU.Deploy.0 = Debug|Any CPU
		{0C249721-9CC4-467F-9DEE-D6DDF07E0C68}.Release|Any CPU.ActiveCfg = Release|Any CPU
		{0C249721-9CC4-467F-9DEE-D6DDF07E0C68}.Release|Any CPU.Build.0 = Release|Any CPU
		{0C249721-9CC4-467F-9DEE-D6DDF07E0C68}.Release|Any CPU.Deploy.0 = Release|Any CPU
	EndGlobalSection
	GlobalSection(SolutionProperties) = preSolution
		HideSolutionNode = FALSE
	EndGlobalSection
	GlobalSection(ExtensibilityGlobals) = postSolution
		SolutionGuid = {F2000712-7A26-4EF5-BCC2-D5C24D12A3EF}
	EndGlobalSection
EndGlobal
